<?xml version="1.0" encoding="utf-8"?>
<Project ToolsVersion="4.0" xmlns="http://schemas.microsoft.com/developer/msbuild/2003">
  <ItemGroup>
    <ClCompile Include="main.cpp" />
    <ClCompile Include="SDLEvent.cpp" />
    <ClCompile Include="TimeManager.cpp" />
    <ClCompile Include="stb_image.c" />
    <ClCompile Include="App.cpp">
      <Filter>Engine\Source files</Filter>
    </ClCompile>
    <ClCompile Include="Asteroide.cpp">
      <Filter>Game\Source files</Filter>
    </ClCompile>
    <ClCompile Include="Bala.cpp">
      <Filter>Game\Source files</Filter>
    </ClCompile>
    <ClCompile Include="Draw.cpp">
      <Filter>Engine\Source files</Filter>
    </ClCompile>
    <ClCompile Include="EnemyShip.cpp">
      <Filter>Game\Source files</Filter>
    </ClCompile>
    <ClCompile Include="Load.cpp">
      <Filter>Engine\Source files</Filter>
    </ClCompile>
    <ClCompile Include="ship.cpp">
      <Filter>Game\Source files</Filter>
    </ClCompile>
    <ClCompile Include="utilities.cpp">
      <Filter>Engine\Source files</Filter>
    </ClCompile>
    <ClCompile Include="Vector2.cpp">
      <Filter>Engine\Source files</Filter>
    </ClCompile>
  </ItemGroup>
  <ItemGroup>
    <ClInclude Include="SDLEvent.hpp" />
    <ClInclude Include="TimeManager.hpp" />
    <ClInclude Include="dirent.h" />
    <ClInclude Include="App.hpp">
      <Filter>Engine\Header files</Filter>
    </ClInclude>
    <ClInclude Include="Asteroide.h">
      <Filter>Game\Header files</Filter>
    </ClInclude>
    <ClInclude Include="Bala.h">
      <Filter>Game\Header files</Filter>
    </ClInclude>
    <ClInclude Include="Draw.h">
      <Filter>Engine\Header files</Filter>
    </ClInclude>
    <ClInclude Include="EnemyShip.h">
      <Filter>Game\Header files</Filter>
    </ClInclude>
    <ClInclude Include="Load.h">
      <Filter>Engine\Header files</Filter>
    </ClInclude>
    <ClInclude Include="ship.h">
      <Filter>Game\Header files</Filter>
    </ClInclude>
    <ClInclude Include="utilities.hpp">
      <Filter>Engine\Header files</Filter>
    </ClInclude>
    <ClInclude Include="Vector2.h">
      <Filter>Engine\Header files</Filter>
    </ClInclude>
  </ItemGroup>
  <ItemGroup>
    <Filter Include="Engine">
      <UniqueIdentifier>{18ee017e-e217-4894-a329-443882d5c001}</UniqueIdentifier>
    </Filter>
    <Filter Include="Game">
      <UniqueIdentifier>{f9b0d22c-f012-4a2a-92ff-afb3483d6cab}</UniqueIdentifier>
    </Filter>
    <Filter Include="Engine\Header files">
      <UniqueIdentifier>{d57a6b01-fbed-4c86-8222-9072e2b4fa58}</UniqueIdentifier>
    </Filter>
    <Filter Include="Engine\Source files">
      <UniqueIdentifier>{8e8f830e-8173-495c-9161-9cfadfdf0c57}</UniqueIdentifier>
    </Filter>
    <Filter Include="Game\Header files">
      <UniqueIdentifier>{7b731e89-4b76-4023-90e9-f1e308754824}</UniqueIdentifier>
    </Filter>
    <Filter Include="Game\Source files">
      <UniqueIdentifier>{20f695a9-d112-4cf5-be2c-d75bf9d1a1ce}</UniqueIdentifier>
    </Filter>
  </ItemGroup>
</Project>