<?xml version="1.0" encoding="utf-8"?>
<Project ToolsVersion="4.0" xmlns="http://schemas.microsoft.com/developer/msbuild/2003">
  <ItemGroup>
    <ClCompile Include="main.cpp" />
    <ClCompile Include="App.cpp">
      <Filter>Engine\Source files</Filter>
    </ClCompile>
    <ClCompile Include="Asteroide.cpp">
      <Filter>Game\Source files</Filter>
    </ClCompile>
    <ClCompile Include="Bala.cpp">
      <Filter>Game\Source files</Filter>
    </ClCompile>
    <ClCompile Include="Draw.cpp">
      <Filter>Engine\Source files</Filter>
    </ClCompile>
    <ClCompile Include="EnemyShip.cpp">
      <Filter>Game\Source files</Filter>
    </ClCompile>
    <ClCompile Include="Load.cpp">
      <Filter>Engine\Source files</Filter>
    </ClCompile>
    <ClCompile Include="ship.cpp">
      <Filter>Game\Source files</Filter>
    </ClCompile>
    <ClCompile Include="utilities.cpp">
      <Filter>Engine\Source files</Filter>
    </ClCompile>
    <ClCompile Include="Vector2.cpp">
      <Filter>Engine\Source files</Filter>
    </ClCompile>
    <ClCompile Include="Vector3D.cpp">
      <Filter>Engine\Source files</Filter>
    </ClCompile>
    <ClCompile Include="stb_image.c">
      <Filter>Internal</Filter>
    </ClCompile>
    <ClCompile Include="TimeManager.cpp">
      <Filter>Internal\Source files</Filter>
    </ClCompile>
    <ClCompile Include="SDLEvent.cpp">
      <Filter>Internal\Source files</Filter>
    </ClCompile>
  </ItemGroup>
  <ItemGroup>
    <ClInclude Include="App.hpp">
      <Filter>Engine\Header files</Filter>
    </ClInclude>
    <ClInclude Include="utilities.hpp">
      <Filter>Engine\Header files</Filter>
    </ClInclude>
    <ClInclude Include="MathUtils.hpp">
      <Filter>Engine\Header files</Filter>
    </ClInclude>
    <ClInclude Include="Draw.hpp">
      <Filter>Engine\Header files</Filter>
    </ClInclude>
    <ClInclude Include="Load.hpp">
      <Filter>Engine\Header files</Filter>
    </ClInclude>
    <ClInclude Include="Vector2.hpp">
      <Filter>Engine\Header files</Filter>
    </ClInclude>
    <ClInclude Include="Vector3D.hpp">
      <Filter>Engine\Header files</Filter>
    </ClInclude>
    <ClInclude Include="Asteroide.hpp">
      <Filter>Game\Header files</Filter>
    </ClInclude>
    <ClInclude Include="Bala.hpp">
      <Filter>Game\Header files</Filter>
    </ClInclude>
    <ClInclude Include="EnemyShip.hpp">
      <Filter>Game\Header files</Filter>
    </ClInclude>
    <ClInclude Include="ship.hpp">
      <Filter>Game\Header files</Filter>
    </ClInclude>
    <ClInclude Include="dirent.h">
      <Filter>Internal\Header files</Filter>
    </ClInclude>
    <ClInclude Include="SDLEvent.hpp">
      <Filter>Internal\Header files</Filter>
    </ClInclude>
    <ClInclude Include="TimeManager.hpp">
      <Filter>Internal\Header files</Filter>
    </ClInclude>
  </ItemGroup>
  <ItemGroup>
    <Filter Include="Engine">
      <UniqueIdentifier>{18ee017e-e217-4894-a329-443882d5c001}</UniqueIdentifier>
    </Filter>
    <Filter Include="Game">
      <UniqueIdentifier>{f9b0d22c-f012-4a2a-92ff-afb3483d6cab}</UniqueIdentifier>
    </Filter>
    <Filter Include="Engine\Header files">
      <UniqueIdentifier>{d57a6b01-fbed-4c86-8222-9072e2b4fa58}</UniqueIdentifier>
    </Filter>
    <Filter Include="Engine\Source files">
      <UniqueIdentifier>{8e8f830e-8173-495c-9161-9cfadfdf0c57}</UniqueIdentifier>
    </Filter>
    <Filter Include="Game\Header files">
      <UniqueIdentifier>{7b731e89-4b76-4023-90e9-f1e308754824}</UniqueIdentifier>
    </Filter>
    <Filter Include="Game\Source files">
      <UniqueIdentifier>{20f695a9-d112-4cf5-be2c-d75bf9d1a1ce}</UniqueIdentifier>
    </Filter>
    <Filter Include="Internal">
      <UniqueIdentifier>{bae1a7d2-8e8b-4d0c-9904-9ce243e52b0c}</UniqueIdentifier>
    </Filter>
    <Filter Include="Internal\Header files">
      <UniqueIdentifier>{cf9cc55e-6b16-40a1-95f4-759e84e71673}</UniqueIdentifier>
    </Filter>
    <Filter Include="Internal\Source files">
      <UniqueIdentifier>{a9fc9fd4-2250-47f7-af5e-cb4e80ef6c5e}</UniqueIdentifier>
    </Filter>
  </ItemGroup>
</Project>